
Microsoft Visual Studio Solution File, Format Version 12.00
Project("{FAE04EC0-301F-11D3-BF4B-00C04F79EFBC}") = "StopWatch", "StopWatch\StopWatch.csproj", "{3982FF4F-411B-473B-9D76-13DD93CCF3D6}"
EndProject
Global
	GlobalSection(SolutionConfigurationPlatforms) = preSolution
		Debug|Any CPU = Debug|Any CPU
		Release|Any CPU = Release|Any CPU
	EndGlobalSection
	GlobalSection(ProjectConfigurationPlatforms) = postSolution
		{3982FF4F-411B-473B-9D76-13DD93CCF3D6}.Debug|Any CPU.ActiveCfg = Debug|Any CPU
		{3982FF4F-411B-473B-9D76-13DD93CCF3D6}.Debug|Any CPU.Build.0 = Debug|Any CPU
		{3982FF4F-411B-473B-9D76-13DD93CCF3D6}.Release|Any CPU.ActiveCfg = Release|Any CPU
		{3982FF4F-411B-473B-9D76-13DD93CCF3D6}.Release|Any CPU.Build.0 = Release|Any CPU
	EndGlobalSection
EndGlobal
